
Microsoft Visual Studio Solution File, Format Version 12.00
# Visual Studio Version 16
VisualStudioVersion = 16.0.31112.23
MinimumVisualStudioVersion = 10.0.40219.1
Project("{FAE04EC0-301F-11D3-BF4B-00C04F79EFBC}") = "Top2000Project", "Top2000Project\Top2000Project.csproj", "{9938B4FC-74D9-4DA7-AC66-EBB19EFB2901}"
EndProject
Global
	GlobalSection(SolutionConfigurationPlatforms) = preSolution
		Debug|Any CPU = Debug|Any CPU
		Release|Any CPU = Release|Any CPU
	EndGlobalSection
	GlobalSection(ProjectConfigurationPlatforms) = postSolution
		{9938B4FC-74D9-4DA7-AC66-EBB19EFB2901}.Debug|Any CPU.ActiveCfg = Debug|Any CPU
		{9938B4FC-74D9-4DA7-AC66-EBB19EFB2901}.Debug|Any CPU.Build.0 = Debug|Any CPU
		{9938B4FC-74D9-4DA7-AC66-EBB19EFB2901}.Release|Any CPU.ActiveCfg = Release|Any CPU
		{9938B4FC-74D9-4DA7-AC66-EBB19EFB2901}.Release|Any CPU.Build.0 = Release|Any CPU
	EndGlobalSection
	GlobalSection(SolutionProperties) = preSolution
		HideSolutionNode = FALSE
	EndGlobalSection
	GlobalSection(ExtensibilityGlobals) = postSolution
		SolutionGuid = {34E45C4C-10AF-4C78-88CA-7627AE8F7C70}
	EndGlobalSection
EndGlobal
